
Microsoft Visual Studio Solution File, Format Version 12.00
# Visual Studio Version 16
VisualStudioVersion = 16.0.30011.22
MinimumVisualStudioVersion = 10.0.40219.1
Project("{FAE04EC0-301F-11D3-BF4B-00C04F79EFBC}") = "Twitch Bot", "Twitch Bot\Twitch Bot.csproj", "{46FCB7B0-9E50-46D9-AC80-AA01779EB93E}"
EndProject
Global
	GlobalSection(SolutionConfigurationPlatforms) = preSolution
		Debug|Any CPU = Debug|Any CPU
		Release|Any CPU = Release|Any CPU
	EndGlobalSection
	GlobalSection(ProjectConfigurationPlatforms) = postSolution
		{46FCB7B0-9E50-46D9-AC80-AA01779EB93E}.Debug|Any CPU.ActiveCfg = Debug|Any CPU
		{46FCB7B0-9E50-46D9-AC80-AA01779EB93E}.Debug|Any CPU.Build.0 = Debug|Any CPU
		{46FCB7B0-9E50-46D9-AC80-AA01779EB93E}.Release|Any CPU.ActiveCfg = Release|Any CPU
		{46FCB7B0-9E50-46D9-AC80-AA01779EB93E}.Release|Any CPU.Build.0 = Release|Any CPU
	EndGlobalSection
	GlobalSection(SolutionProperties) = preSolution
		HideSolutionNode = FALSE
	EndGlobalSection
	GlobalSection(ExtensibilityGlobals) = postSolution
		SolutionGuid = {44EEA32E-D975-4BD2-931F-14F34DA8C9BE}
	EndGlobalSection
EndGlobal
